
Microsoft Visual Studio Solution File, Format Version 12.00
# Visual Studio Version 16
VisualStudioVersion = 16.0.33027.164
MinimumVisualStudioVersion = 10.0.40219.1
Project("{FAE04EC0-301F-11D3-BF4B-00C04F79EFBC}") = "lab2", "lab2\lab2.csproj", "{340B7878-6B84-4692-812E-051850F6B20E}"
EndProject
Global
	GlobalSection(SolutionConfigurationPlatforms) = preSolution
		Debug|Any CPU = Debug|Any CPU
		Release|Any CPU = Release|Any CPU
	EndGlobalSection
	GlobalSection(ProjectConfigurationPlatforms) = postSolution
		{340B7878-6B84-4692-812E-051850F6B20E}.Debug|Any CPU.ActiveCfg = Debug|Any CPU
		{340B7878-6B84-4692-812E-051850F6B20E}.Debug|Any CPU.Build.0 = Debug|Any CPU
		{340B7878-6B84-4692-812E-051850F6B20E}.Release|Any CPU.ActiveCfg = Release|Any CPU
		{340B7878-6B84-4692-812E-051850F6B20E}.Release|Any CPU.Build.0 = Release|Any CPU
	EndGlobalSection
	GlobalSection(SolutionProperties) = preSolution
		HideSolutionNode = FALSE
	EndGlobalSection
	GlobalSection(ExtensibilityGlobals) = postSolution
		SolutionGuid = {9766F139-BE54-4031-BE72-CED31242A6F4}
	EndGlobalSection
EndGlobal
